// !$*UTF8*$!
{
	archiveVersion = 1;
	classes = {
	};
	objectVersion = 46;
	objects = {

/* Begin PBXBuildFile section */
		500F9A431A094EE5003A2E7C /* main.m in Sources */ = {isa = PBXBuildFile; fileRef = 500F9A421A094EE5003A2E7C /* main.m */; };
		500F9A461A094EE5003A2E7C /* AppDelegate.m in Sources */ = {isa = PBXBuildFile; fileRef = 500F9A451A094EE5003A2E7C /* AppDelegate.m */; };
		500F9A491A094EE6003A2E7C /* Coredata_Sample.xcdatamodeld in Sources */ = {isa = PBXBuildFile; fileRef = 500F9A471A094EE5003A2E7C /* Coredata_Sample.xcdatamodeld */; };
		500F9A4C1A094EE6003A2E7C /* ViewController.m in Sources */ = {isa = PBXBuildFile; fileRef = 500F9A4B1A094EE6003A2E7C /* ViewController.m */; };
		500F9A4F1A094EE6003A2E7C /* Main.storyboard in Resources */ = {isa = PBXBuildFile; fileRef = 500F9A4D1A094EE6003A2E7C /* Main.storyboard */; };
		500F9A511A094EE6003A2E7C /* Images.xcassets in Resources */ = {isa = PBXBuildFile; fileRef = 500F9A501A094EE6003A2E7C /* Images.xcassets */; };
		500F9A541A094EE6003A2E7C /* LaunchScreen.xib in Resources */ = {isa = PBXBuildFile; fileRef = 500F9A521A094EE6003A2E7C /* LaunchScreen.xib */; };
		500F9A601A094EE6003A2E7C /* Coredata_SampleTests.m in Sources */ = {isa = PBXBuildFile; fileRef = 500F9A5F1A094EE6003A2E7C /* Coredata_SampleTests.m */; };
		500F9A6C1A0958FC003A2E7C /* ListViewController.m in Sources */ = {isa = PBXBuildFile; fileRef = 500F9A6A1A0958FC003A2E7C /* ListViewController.m */; };
		500F9A6D1A0958FC003A2E7C /* ListViewController.xib in Resources */ = {isa = PBXBuildFile; fileRef = 500F9A6B1A0958FC003A2E7C /* ListViewController.xib */; };
		500F9A711A096049003A2E7C /* FirstViewController.m in Sources */ = {isa = PBXBuildFile; fileRef = 500F9A6F1A096049003A2E7C /* FirstViewController.m */; };
		500F9A721A096049003A2E7C /* FirstViewController.xib in Resources */ = {isa = PBXBuildFile; fileRef = 500F9A701A096049003A2E7C /* FirstViewController.xib */; };
/* End PBXBuildFile section */

/* Begin PBXContainerItemProxy section */
		500F9A5A1A094EE6003A2E7C /* PBXContainerItemProxy */ = {
			isa = PBXContainerItemProxy;
			containerPortal = 500F9A351A094EE5003A2E7C /* Project object */;
			proxyType = 1;
			remoteGlobalIDString = 500F9A3C1A094EE5003A2E7C;
			remoteInfo = "Coredata Sample";
		};
/* End PBXContainerItemProxy section */

/* Begin PBXFileReference section */
		500F9A3D1A094EE5003A2E7C /* Coredata Sample.app */ = {isa = PBXFileReference; explicitFileType = wrapper.application; includeInIndex = 0; path = "Coredata Sample.app"; sourceTree = BUILT_PRODUCTS_DIR; };
		500F9A411A094EE5003A2E7C /* Info.plist */ = {isa = PBXFileReference; lastKnownFileType = text.plist.xml; path = Info.plist; sourceTree = "<group>"; };
		500F9A421A094EE5003A2E7C /* main.m */ = {isa = PBXFileReference; lastKnownFileType = sourcecode.c.objc; path = main.m; sourceTree = "<group>"; };
		500F9A441A094EE5003A2E7C /* AppDelegate.h */ = {isa = PBXFileReference; lastKnownFileType = sourcecode.c.h; path = AppDelegate.h; sourceTree = "<group>"; };
		500F9A451A094EE5003A2E7C /* AppDelegate.m */ = {isa = PBXFileReference; lastKnownFileType = sourcecode.c.objc; path = AppDelegate.m; sourceTree = "<group>"; };
		500F9A481A094EE6003A2E7C /* Coredata_Sample.xcdatamodel */ = {isa = PBXFileReference; lastKnownFileType = wrapper.xcdatamodel; path = Coredata_Sample.xcdatamodel; sourceTree = "<group>"; };
		500F9A4A1A094EE6003A2E7C /* ViewController.h */ = {isa = PBXFileReference; lastKnownFileType = sourcecode.c.h; path = ViewController.h; sourceTree = "<group>"; };
		500F9A4B1A094EE6003A2E7C /* ViewController.m */ = {isa = PBXFileReference; lastKnownFileType = sourcecode.c.objc; path = ViewController.m; sourceTree = "<group>"; };
		500F9A4E1A094EE6003A2E7C /* Base */ = {isa = PBXFileReference; lastKnownFileType = file.storyboard; name = Base; path = Base.lproj/Main.storyboard; sourceTree = "<group>"; };
		500F9A501A094EE6003A2E7C /* Images.xcassets */ = {isa = PBXFileReference; lastKnownFileType = folder.assetcatalog; path = Images.xcassets; sourceTree = "<group>"; };
		500F9A531A094EE6003A2E7C /* Base */ = {isa = PBXFileReference; lastKnownFileType = file.xib; name = Base; path = Base.lproj/LaunchScreen.xib; sourceTree = "<group>"; };
		500F9A591A094EE6003A2E7C /* Coredata SampleTests.xctest */ = {isa = PBXFileReference; explicitFileType = wrapper.cfbundle; includeInIndex = 0; path = "Coredata SampleTests.xctest"; sourceTree = BUILT_PRODUCTS_DIR; };
		500F9A5E1A094EE6003A2E7C /* Info.plist */ = {isa = PBXFileReference; lastKnownFileType = text.plist.xml; path = Info.plist; sourceTree = "<group>"; };
		500F9A5F1A094EE6003A2E7C /* Coredata_SampleTests.m */ = {isa = PBXFileReference; lastKnownFileType = sourcecode.c.objc; path = Coredata_SampleTests.m; sourceTree = "<group>"; };
		500F9A691A0958FB003A2E7C /* ListViewController.h */ = {isa = PBXFileReference; fileEncoding = 4; lastKnownFileType = sourcecode.c.h; path = ListViewController.h; sourceTree = "<group>"; };
		500F9A6A1A0958FC003A2E7C /* ListViewController.m */ = {isa = PBXFileReference; fileEncoding = 4; lastKnownFileType = sourcecode.c.objc; path = ListViewController.m; sourceTree = "<group>"; };
		500F9A6B1A0958FC003A2E7C /* ListViewController.xib */ = {isa = PBXFileReference; fileEncoding = 4; lastKnownFileType = file.xib; path = ListViewController.xib; sourceTree = "<group>"; };
		500F9A6E1A096049003A2E7C /* FirstViewController.h */ = {isa = PBXFileReference; fileEncoding = 4; lastKnownFileType = sourcecode.c.h; path = FirstViewController.h; sourceTree = "<group>"; };
		500F9A6F1A096049003A2E7C /* FirstViewController.m */ = {isa = PBXFileReference; fileEncoding = 4; lastKnownFileType = sourcecode.c.objc; path = FirstViewController.m; sourceTree = "<group>"; };
		500F9A701A096049003A2E7C /* FirstViewController.xib */ = {isa = PBXFileReference; fileEncoding = 4; lastKnownFileType = file.xib; path = FirstViewController.xib; sourceTree = "<group>"; };
/* End PBXFileReference section */

/* Begin PBXFrameworksBuildPhase section */
		500F9A3A1A094EE5003A2E7C /* Frameworks */ = {
			isa = PBXFrameworksBuildPhase;
			buildActionMask = 2147483647;
			files = (
			);
			runOnlyForDeploymentPostprocessing = 0;
		};
		500F9A561A094EE6003A2E7C /* Frameworks */ = {
			isa = PBXFrameworksBuildPhase;
			buildActionMask = 2147483647;
			files = (
			);
			runOnlyForDeploymentPostprocessing = 0;
		};
/* End PBXFrameworksBuildPhase section */

/* Begin PBXGroup section */
		500F9A341A094EE5003A2E7C = {
			isa = PBXGroup;
			children = (
				500F9A3F1A094EE5003A2E7C /* Coredata Sample */,
				500F9A5C1A094EE6003A2E7C /* Coredata SampleTests */,
				500F9A3E1A094EE5003A2E7C /* Products */,
			);
			sourceTree = "<group>";
		};
		500F9A3E1A094EE5003A2E7C /* Products */ = {
			isa = PBXGroup;
			children = (
				500F9A3D1A094EE5003A2E7C /* Coredata Sample.app */,
				500F9A591A094EE6003A2E7C /* Coredata SampleTests.xctest */,
			);
			name = Products;
			sourceTree = "<group>";
		};
		500F9A3F1A094EE5003A2E7C /* Coredata Sample */ = {
			isa = PBXGroup;
			children = (
				500F9A441A094EE5003A2E7C /* AppDelegate.h */,
				500F9A451A094EE5003A2E7C /* AppDelegate.m */,
				500F9A4A1A094EE6003A2E7C /* ViewController.h */,
				500F9A4B1A094EE6003A2E7C /* ViewController.m */,
				500F9A6E1A096049003A2E7C /* FirstViewController.h */,
				500F9A6F1A096049003A2E7C /* FirstViewController.m */,
				500F9A701A096049003A2E7C /* FirstViewController.xib */,
				500F9A691A0958FB003A2E7C /* ListViewController.h */,
				500F9A6A1A0958FC003A2E7C /* ListViewController.m */,
				500F9A6B1A0958FC003A2E7C /* ListViewController.xib */,
				500F9A4D1A094EE6003A2E7C /* Main.storyboard */,
				500F9A501A094EE6003A2E7C /* Images.xcassets */,
				500F9A521A094EE6003A2E7C /* LaunchScreen.xib */,
				500F9A471A094EE5003A2E7C /* Coredata_Sample.xcdatamodeld */,
				500F9A401A094EE5003A2E7C /* Supporting Files */,
			);
			path = "Coredata Sample";
			sourceTree = "<group>";
		};
		500F9A401A094EE5003A2E7C /* Supporting Files */ = {
			isa = PBXGroup;
			children = (
				500F9A411A094EE5003A2E7C /* Info.plist */,
				500F9A421A094EE5003A2E7C /* main.m */,
			);
			name = "Supporting Files";
			sourceTree = "<group>";
		};
		500F9A5C1A094EE6003A2E7C /* Coredata SampleTests */ = {
			isa = PBXGroup;
			children = (
				500F9A5F1A094EE6003A2E7C /* Coredata_SampleTests.m */,
				500F9A5D1A094EE6003A2E7C /* Supporting Files */,
			);
			path = "Coredata SampleTests";
			sourceTree = "<group>";
		};
		500F9A5D1A094EE6003A2E7C /* Supporting Files */ = {
			isa = PBXGroup;
			children = (
				500F9A5E1A094EE6003A2E7C /* Info.plist */,
			);
			name = "Supporting Files";
			sourceTree = "<group>";
		};
/* End PBXGroup section */

/* Begin PBXNativeTarget section */
		500F9A3C1A094EE5003A2E7C /* Coredata Sample */ = {
			isa = PBXNativeTarget;
			buildConfigurationList = 500F9A631A094EE6003A2E7C /* Build configuration list for PBXNativeTarget "Coredata Sample" */;
			buildPhases = (
				500F9A391A094EE5003A2E7C /* Sources */,
				500F9A3A1A094EE5003A2E7C /* Frameworks */,
				500F9A3B1A094EE5003A2E7C /* Resources */,
			);
			buildRules = (
			);
			dependencies = (
			);
			name = "Coredata Sample";
			productName = "Coredata Sample";
			productReference = 500F9A3D1A094EE5003A2E7C /* Coredata Sample.app */;
			productType = "com.apple.product-type.application";
		};
		500F9A581A094EE6003A2E7C /* Coredata SampleTests */ = {
			isa = PBXNativeTarget;
			buildConfigurationList = 500F9A661A094EE6003A2E7C /* Build configuration list for PBXNativeTarget "Coredata SampleTests" */;
			buildPhases = (
				500F9A551A094EE6003A2E7C /* Sources */,
				500F9A561A094EE6003A2E7C /* Frameworks */,
				500F9A571A094EE6003A2E7C /* Resources */,
			);
			buildRules = (
			);
			dependencies = (
				500F9A5B1A094EE6003A2E7C /* PBXTargetDependency */,
			);
			name = "Coredata SampleTests";
			productName = "Coredata SampleTests";
			productReference = 500F9A591A094EE6003A2E7C /* Coredata SampleTests.xctest */;
			productType = "com.apple.product-type.bundle.unit-test";
		};
/* End PBXNativeTarget section */

/* Begin PBXProject section */
		500F9A351A094EE5003A2E7C /* Project object */ = {
			isa = PBXProject;
			attributes = {
				LastUpgradeCheck = 0600;
				ORGANIZATIONNAME = Venki;
				TargetAttributes = {
					500F9A3C1A094EE5003A2E7C = {
						CreatedOnToolsVersion = 6.0.1;
					};
					500F9A581A094EE6003A2E7C = {
						CreatedOnToolsVersion = 6.0.1;
						TestTargetID = 500F9A3C1A094EE5003A2E7C;
					};
				};
			};
			buildConfigurationList = 500F9A381A094EE5003A2E7C /* Build configuration list for PBXProject "Coredata Sample" */;
			compatibilityVersion = "Xcode 3.2";
			developmentRegion = English;
			hasScannedForEncodings = 0;
			knownRegions = (
				en,
				Base,
			);
			mainGroup = 500F9A341A094EE5003A2E7C;
			productRefGroup = 500F9A3E1A094EE5003A2E7C /* Products */;
			projectDirPath = "";
			projectRoot = "";
			targets = (
				500F9A3C1A094EE5003A2E7C /* Coredata Sample */,
				500F9A581A094EE6003A2E7C /* Coredata SampleTests */,
			);
		};
/* End PBXProject section */

/* Begin PBXResourcesBuildPhase section */
		500F9A3B1A094EE5003A2E7C /* Resources */ = {
			isa = PBXResourcesBuildPhase;
			buildActionMask = 2147483647;
			files = (
				500F9A4F1A094EE6003A2E7C /* Main.storyboard in Resources */,
				500F9A721A096049003A2E7C /* FirstViewController.xib in Resources */,
				500F9A541A094EE6003A2E7C /* LaunchScreen.xib in Resources */,
				500F9A6D1A0958FC003A2E7C /* ListViewController.xib in Resources */,
				500F9A511A094EE6003A2E7C /* Images.xcassets in Resources */,
			);
			runOnlyForDeploymentPostprocessing = 0;
		};
		500F9A571A094EE6003A2E7C /* Resources */ = {
			isa = PBXResourcesBuildPhase;
			buildActionMask = 2147483647;
			files = (
			);
			runOnlyForDeploymentPostprocessing = 0;
		};
/* End PBXResourcesBuildPhase section */

/* Begin PBXSourcesBuildPhase section */
		500F9A391A094EE5003A2E7C /* Sources */ = {
			isa = PBXSourcesBuildPhase;
			buildActionMask = 2147483647;
			files = (
				500F9A6C1A0958FC003A2E7C /* ListViewController.m in Sources */,
				500F9A711A096049003A2E7C /* FirstViewController.m in Sources */,
				500F9A461A094EE5003A2E7C /* AppDelegate.m in Sources */,
				500F9A431A094EE5003A2E7C /* main.m in Sources */,
				500F9A4C1A094EE6003A2E7C /* ViewController.m in Sources */,
				500F9A491A094EE6003A2E7C /* Coredata_Sample.xcdatamodeld in Sources */,
			);
			runOnlyForDeploymentPostprocessing = 0;
		};
		500F9A551A094EE6003A2E7C /* Sources */ = {
			isa = PBXSourcesBuildPhase;
			buildActionMask = 2147483647;
			files = (
				500F9A601A094EE6003A2E7C /* Coredata_SampleTests.m in Sources */,
			);
			runOnlyForDeploymentPostprocessing = 0;
		};
/* End PBXSourcesBuildPhase section */

/* Begin PBXTargetDependency section */
		500F9A5B1A094EE6003A2E7C /* PBXTargetDependency */ = {
			isa = PBXTargetDependency;
			target = 500F9A3C1A094EE5003A2E7C /* Coredata Sample */;
			targetProxy = 500F9A5A1A094EE6003A2E7C /* PBXContainerItemProxy */;
		};
/* End PBXTargetDependency section */

/* Begin PBXVariantGroup section */
		500F9A4D1A094EE6003A2E7C /* Main.storyboard */ = {
			isa = PBXVariantGroup;
			children = (
				500F9A4E1A094EE6003A2E7C /* Base */,
			);
			name = Main.storyboard;
			sourceTree = "<group>";
		};
		500F9A521A094EE6003A2E7C /* LaunchScreen.xib */ = {
			isa = PBXVariantGroup;
			children = (
				500F9A531A094EE6003A2E7C /* Base */,
			);
			name = LaunchScreen.xib;
			sourceTree = "<group>";
		};
/* End PBXVariantGroup section */

/* Begin XCBuildConfiguration section */
		500F9A611A094EE6003A2E7C /* Debug */ = {
			isa = XCBuildConfiguration;
			buildSettings = {
				ALWAYS_SEARCH_USER_PATHS = NO;
				CLANG_CXX_LANGUAGE_STANDARD = "gnu++0x";
				CLANG_CXX_LIBRARY = "libc++";
				CLANG_ENABLE_MODULES = YES;
				CLANG_ENABLE_OBJC_ARC = YES;
				CLANG_WARN_BOOL_CONVERSION = YES;
				CLANG_WARN_CONSTANT_CONVERSION = YES;
				CLANG_WARN_DIRECT_OBJC_ISA_USAGE = YES_ERROR;
				CLANG_WARN_EMPTY_BODY = YES;
				CLANG_WARN_ENUM_CONVERSION = YES;
				CLANG_WARN_INT_CONVERSION = YES;
				CLANG_WARN_OBJC_ROOT_CLASS = YES_ERROR;
				CLANG_WARN_UNREACHABLE_CODE = YES;
				CLANG_WARN__DUPLICATE_METHOD_MATCH = YES;
				"CODE_SIGN_IDENTITY[sdk=iphoneos*]" = "iPhone Developer";
				COPY_PHASE_STRIP = NO;
				ENABLE_STRICT_OBJC_MSGSEND = YES;
				GCC_C_LANGUAGE_STANDARD = gnu99;
				GCC_DYNAMIC_NO_PIC = NO;
				GCC_OPTIMIZATION_LEVEL = 0;
				GCC_PREPROCESSOR_DEFINITIONS = (
					"DEBUG=1",
					"$(inherited)",
				);
				GCC_SYMBOLS_PRIVATE_EXTERN = NO;
				GCC_WARN_64_TO_32_BIT_CONVERSION = YES;
				GCC_WARN_ABOUT_RETURN_TYPE = YES_ERROR;
				GCC_WARN_UNDECLARED_SELECTOR = YES;
				GCC_WARN_UNINITIALIZED_AUTOS = YES_AGGRESSIVE;
				GCC_WARN_UNUSED_FUNCTION = YES;
				GCC_WARN_UNUSED_VARIABLE = YES;
				IPHONEOS_DEPLOYMENT_TARGET = 8.0;
				MTL_ENABLE_DEBUG_INFO = YES;
				ONLY_ACTIVE_ARCH = YES;
				SDKROOT = iphoneos;
			};
			name = Debug;
		};
		500F9A621A094EE6003A2E7C /* Release */ = {
			isa = XCBuildConfiguration;
			buildSettings = {
				ALWAYS_SEARCH_USER_PATHS = NO;
				CLANG_CXX_LANGUAGE_STANDARD = "gnu++0x";
				CLANG_CXX_LIBRARY = "libc++";
				CLANG_ENABLE_MODULES = YES;
				CLANG_ENABLE_OBJC_ARC = YES;
				CLANG_WARN_BOOL_CONVERSION = YES;
				CLANG_WARN_CONSTANT_CONVERSION = YES;
				CLANG_WARN_DIRECT_OBJC_ISA_USAGE = YES_ERROR;
				CLANG_WARN_EMPTY_BODY = YES;
				CLANG_WARN_ENUM_CONVERSION = YES;
				CLANG_WARN_INT_CONVERSION = YES;
				CLANG_WARN_OBJC_ROOT_CLASS = YES_ERROR;
				CLANG_WARN_UNREACHABLE_CODE = YES;
				CLANG_WARN__DUPLICATE_METHOD_MATCH = YES;
				"CODE_SIGN_IDENTITY[sdk=iphoneos*]" = "iPhone Developer";
				COPY_PHASE_STRIP = YES;
				ENABLE_NS_ASSERTIONS = NO;
				ENABLE_STRICT_OBJC_MSGSEND = YES;
				GCC_C_LANGUAGE_STANDARD = gnu99;
				GCC_WARN_64_TO_32_BIT_CONVERSION = YES;
				GCC_WARN_ABOUT_RETURN_TYPE = YES_ERROR;
				GCC_WARN_UNDECLARED_SELECTOR = YES;
				GCC_WARN_UNINITIALIZED_AUTOS = YES_AGGRESSIVE;
				GCC_WARN_UNUSED_FUNCTION = YES;
				GCC_WARN_UNUSED_VARIABLE = YES;
				IPHONEOS_DEPLOYMENT_TARGET = 8.0;
				MTL_ENABLE_DEBUG_INFO = NO;
				SDKROOT = iphoneos;
				VALIDATE_PRODUCT = YES;
			};
			name = Release;
		};
		500F9A641A094EE6003A2E7C /* Debug */ = {
			isa = XCBuildConfiguration;
			buildSettings = {
				ASSETCATALOG_COMPILER_APPICON_NAME = AppIcon;
				INFOPLIST_FILE = "Coredata Sample/Info.plist";
				LD_RUNPATH_SEARCH_PATHS = "$(inherited) @executable_path/Frameworks";
				PRODUCT_NAME = "$(TARGET_NAME)";
			};
			name = Debug;
		};
		500F9A651A094EE6003A2E7C /* Release */ = {
			isa = XCBuildConfiguration;
			buildSettings = {
				ASSETCATALOG_COMPILER_APPICON_NAME = AppIcon;
				INFOPLIST_FILE = "Coredata Sample/Info.plist";
				LD_RUNPATH_SEARCH_PATHS = "$(inherited) @executable_path/Frameworks";
				PRODUCT_NAME = "$(TARGET_NAME)";
			};
			name = Release;
		};
		500F9A671A094EE6003A2E7C /* Debug */ = {
			isa = XCBuildConfiguration;
			buildSettings = {
				BUNDLE_LOADER = "$(TEST_HOST)";
				FRAMEWORK_SEARCH_PATHS = (
					"$(SDKROOT)/Developer/Library/Frameworks",
					"$(inherited)",
				);
				GCC_PREPROCESSOR_DEFINITIONS = (
					"DEBUG=1",
					"$(inherited)",
				);
				INFOPLIST_FILE = "Coredata SampleTests/Info.plist";
				LD_RUNPATH_SEARCH_PATHS = "$(inherited) @executable_path/Frameworks @loader_path/Frameworks";
				PRODUCT_NAME = "$(TARGET_NAME)";
				TEST_HOST = "$(BUILT_PRODUCTS_DIR)/Coredata Sample.app/Coredata Sample";
			};
			name = Debug;
		};
		500F9A681A094EE6003A2E7C /* Release */ = {
			isa = XCBuildConfiguration;
			buildSettings = {
				BUNDLE_LOADER = "$(TEST_HOST)";
				FRAMEWORK_SEARCH_PATHS = (
					"$(SDKROOT)/Developer/Library/Frameworks",
					"$(inherited)",
				);
				INFOPLIST_FILE = "Coredata SampleTests/Info.plist";
				LD_RUNPATH_SEARCH_PATHS = "$(inherited) @executable_path/Frameworks @loader_path/Frameworks";
				PRODUCT_NAME = "$(TARGET_NAME)";
				TEST_HOST = "$(BUILT_PRODUCTS_DIR)/Coredata Sample.app/Coredata Sample";
			};
			name = Release;
		};
/* End XCBuildConfiguration section */

/* Begin XCConfigurationList section */
		500F9A381A094EE5003A2E7C /* Build configuration list for PBXProject "Coredata Sample" */ = {
			isa = XCConfigurationList;
			buildConfigurations = (
				500F9A611A094EE6003A2E7C /* Debug */,
				500F9A621A094EE6003A2E7C /* Release */,
			);
			defaultConfigurationIsVisible = 0;
			defaultConfigurationName = Release;
		};
		500F9A631A094EE6003A2E7C /* Build configuration list for PBXNativeTarget "Coredata Sample" */ = {
			isa = XCConfigurationList;
			buildConfigurations = (
				500F9A641A094EE6003A2E7C /* Debug */,
				500F9A651A094EE6003A2E7C /* Release */,
			);
			defaultConfigurationIsVisible = 0;
		};
		500F9A661A094EE6003A2E7C /* Build configuration list for PBXNativeTarget "Coredata SampleTests" */ = {
			isa = XCConfigurationList;
			buildConfigurations = (
				500F9A671A094EE6003A2E7C /* Debug */,
				500F9A681A094EE6003A2E7C /* Release */,
			);
			defaultConfigurationIsVisible = 0;
		};
/* End XCConfigurationList section */

/* Begin XCVersionGroup section */
		500F9A471A094EE5003A2E7C /* Coredata_Sample.xcdatamodeld */ = {
			isa = XCVersionGroup;
			children = (
				500F9A481A094EE6003A2E7C /* Coredata_Sample.xcdatamodel */,
			);
			currentVersion = 500F9A481A094EE6003A2E7C /* Coredata_Sample.xcdatamodel */;
			path = Coredata_Sample.xcdatamodeld;
			sourceTree = "<group>";
			versionGroupType = wrapper.xcdatamodel;
		};
/* End XCVersionGroup section */
	};
	rootObject = 500F9A351A094EE5003A2E7C /* Project object */;
}
